
Microsoft Visual Studio Solution File, Format Version 12.00
# Visual Studio Version 17
VisualStudioVersion = 17.5.002.0
MinimumVisualStudioVersion = 10.0.40219.1
Project("{9A19103F-16F7-4668-BE54-9A1E7A4F7556}") = "PostsApi", "PostsApi\PostsApi.csproj", "{750E38AD-4E8E-4CA8-82DA-0C7B0D82C0BB}"
EndProject
Project("{FAE04EC0-301F-11D3-BF4B-00C04F79EFBC}") = "PostsApiTests", "PostsApiTests/PostsApiTests.csproj", "{96186687-A3B2-4170-8926-E603C29D9EAD}"
EndProject
Global
	GlobalSection(SolutionConfigurationPlatforms) = preSolution
		Debug|Any CPU = Debug|Any CPU
		Release|Any CPU = Release|Any CPU
	EndGlobalSection
	GlobalSection(ProjectConfigurationPlatforms) = postSolution
		{750E38AD-4E8E-4CA8-82DA-0C7B0D82C0BB}.Debug|Any CPU.ActiveCfg = Debug|Any CPU
		{750E38AD-4E8E-4CA8-82DA-0C7B0D82C0BB}.Debug|Any CPU.Build.0 = Debug|Any CPU
		{750E38AD-4E8E-4CA8-82DA-0C7B0D82C0BB}.Release|Any CPU.ActiveCfg = Release|Any CPU
		{750E38AD-4E8E-4CA8-82DA-0C7B0D82C0BB}.Release|Any CPU.Build.0 = Release|Any CPU
		{96186687-A3B2-4170-8926-E603C29D9EAD}.Debug|Any CPU.ActiveCfg = Debug|Any CPU
		{96186687-A3B2-4170-8926-E603C29D9EAD}.Debug|Any CPU.Build.0 = Debug|Any CPU
		{96186687-A3B2-4170-8926-E603C29D9EAD}.Release|Any CPU.ActiveCfg = Release|Any CPU
		{96186687-A3B2-4170-8926-E603C29D9EAD}.Release|Any CPU.Build.0 = Release|Any CPU
	EndGlobalSection
	GlobalSection(SolutionProperties) = preSolution
		HideSolutionNode = FALSE
	EndGlobalSection
	GlobalSection(ExtensibilityGlobals) = postSolution
		SolutionGuid = {83B290EE-4D87-4477-A3B5-5AF118F7E5AF}
	EndGlobalSection
EndGlobal
